
Microsoft Visual Studio Solution File, Format Version 12.00
# Visual Studio 15
VisualStudioVersion = 15.0.28307.705
MinimumVisualStudioVersion = 10.0.40219.1
Project("{FAE04EC0-301F-11D3-BF4B-00C04F79EFBC}") = "milo_example55", "milo_example55\milo_example55.csproj", "{DF069226-20C0-4356-A61C-A529B76BFDA7}"
EndProject
Global
	GlobalSection(SolutionConfigurationPlatforms) = preSolution
		Debug|Any CPU = Debug|Any CPU
		Release|Any CPU = Release|Any CPU
	EndGlobalSection
	GlobalSection(ProjectConfigurationPlatforms) = postSolution
		{DF069226-20C0-4356-A61C-A529B76BFDA7}.Debug|Any CPU.ActiveCfg = Debug|Any CPU
		{DF069226-20C0-4356-A61C-A529B76BFDA7}.Debug|Any CPU.Build.0 = Debug|Any CPU
		{DF069226-20C0-4356-A61C-A529B76BFDA7}.Release|Any CPU.ActiveCfg = Release|Any CPU
		{DF069226-20C0-4356-A61C-A529B76BFDA7}.Release|Any CPU.Build.0 = Release|Any CPU
	EndGlobalSection
	GlobalSection(SolutionProperties) = preSolution
		HideSolutionNode = FALSE
	EndGlobalSection
	GlobalSection(ExtensibilityGlobals) = postSolution
		SolutionGuid = {9CFD536A-DDCA-4AA3-941E-5B92F899D4A1}
	EndGlobalSection
EndGlobal
